
Microsoft Visual Studio Solution File, Format Version 12.00
# Visual Studio Version 16
VisualStudioVersion = 16.0.31205.134
MinimumVisualStudioVersion = 10.0.40219.1
Project("{9A19103F-16F7-4668-BE54-9A1E7A4F7556}") = "adventofcode-2021", "adventofcode-2021\adventofcode-2021.csproj", "{C9A0268D-FF9C-44DD-B83D-6681C9DB050B}"
EndProject
Project("{FAE04EC0-301F-11D3-BF4B-00C04F79EFBC}") = "adventofcode-2021.Tests", "adventofcode-2021.Tests\adventofcode-2021.Tests.csproj", "{E3D02A13-596D-42D2-8EA0-A7909BB28DEC}"
EndProject
Global
	GlobalSection(SolutionConfigurationPlatforms) = preSolution
		Debug|Any CPU = Debug|Any CPU
		Release|Any CPU = Release|Any CPU
	EndGlobalSection
	GlobalSection(ProjectConfigurationPlatforms) = postSolution
		{C9A0268D-FF9C-44DD-B83D-6681C9DB050B}.Debug|Any CPU.ActiveCfg = Debug|Any CPU
		{C9A0268D-FF9C-44DD-B83D-6681C9DB050B}.Debug|Any CPU.Build.0 = Debug|Any CPU
		{C9A0268D-FF9C-44DD-B83D-6681C9DB050B}.Release|Any CPU.ActiveCfg = Release|Any CPU
		{C9A0268D-FF9C-44DD-B83D-6681C9DB050B}.Release|Any CPU.Build.0 = Release|Any CPU
		{E3D02A13-596D-42D2-8EA0-A7909BB28DEC}.Debug|Any CPU.ActiveCfg = Debug|Any CPU
		{E3D02A13-596D-42D2-8EA0-A7909BB28DEC}.Debug|Any CPU.Build.0 = Debug|Any CPU
		{E3D02A13-596D-42D2-8EA0-A7909BB28DEC}.Release|Any CPU.ActiveCfg = Release|Any CPU
		{E3D02A13-596D-42D2-8EA0-A7909BB28DEC}.Release|Any CPU.Build.0 = Release|Any CPU
	EndGlobalSection
	GlobalSection(SolutionProperties) = preSolution
		HideSolutionNode = FALSE
	EndGlobalSection
	GlobalSection(ExtensibilityGlobals) = postSolution
		SolutionGuid = {A4FFC4C4-F087-4CD6-BD56-0A7F21CD4C3A}
	EndGlobalSection
EndGlobal
